
Microsoft Visual Studio Solution File, Format Version 12.00
# Visual Studio Version 16
VisualStudioVersion = 16.0.32602.291
MinimumVisualStudioVersion = 10.0.40219.1
Project("{FAE04EC0-301F-11D3-BF4B-00C04F79EFBC}") = "Lesson14", "Lesson14\Lesson14.csproj", "{D392B1DE-1985-4869-A73A-FDF4DE82C658}"
EndProject
Global
	GlobalSection(SolutionConfigurationPlatforms) = preSolution
		Debug|Any CPU = Debug|Any CPU
		Release|Any CPU = Release|Any CPU
	EndGlobalSection
	GlobalSection(ProjectConfigurationPlatforms) = postSolution
		{D392B1DE-1985-4869-A73A-FDF4DE82C658}.Debug|Any CPU.ActiveCfg = Debug|Any CPU
		{D392B1DE-1985-4869-A73A-FDF4DE82C658}.Debug|Any CPU.Build.0 = Debug|Any CPU
		{D392B1DE-1985-4869-A73A-FDF4DE82C658}.Release|Any CPU.ActiveCfg = Release|Any CPU
		{D392B1DE-1985-4869-A73A-FDF4DE82C658}.Release|Any CPU.Build.0 = Release|Any CPU
	EndGlobalSection
	GlobalSection(SolutionProperties) = preSolution
		HideSolutionNode = FALSE
	EndGlobalSection
	GlobalSection(ExtensibilityGlobals) = postSolution
		SolutionGuid = {0E4AF3E0-7B39-44A8-98D9-76BF7B6A0649}
	EndGlobalSection
EndGlobal
